// !$*UTF8*$!
{
	archiveVersion = 1;
	classes = {
	};
	objectVersion = 50;
	objects = {

/* Begin PBXBuildFile section */
		FAEF80A825E2F2DD001C827E /* AppDelegate.swift in Sources */ = {isa = PBXBuildFile; fileRef = FAEF80A725E2F2DD001C827E /* AppDelegate.swift */; };
		FAEF80AA25E2F2DD001C827E /* SceneDelegate.swift in Sources */ = {isa = PBXBuildFile; fileRef = FAEF80A925E2F2DD001C827E /* SceneDelegate.swift */; };
		FAEF80AC25E2F2DD001C827E /* ViewController.swift in Sources */ = {isa = PBXBuildFile; fileRef = FAEF80AB25E2F2DD001C827E /* ViewController.swift */; };
		FAEF80AF25E2F2DD001C827E /* Main.storyboard in Resources */ = {isa = PBXBuildFile; fileRef = FAEF80AD25E2F2DD001C827E /* Main.storyboard */; };
		FAEF80B125E2F2DF001C827E /* Assets.xcassets in Resources */ = {isa = PBXBuildFile; fileRef = FAEF80B025E2F2DF001C827E /* Assets.xcassets */; };
		FAEF80B425E2F2DF001C827E /* LaunchScreen.storyboard in Resources */ = {isa = PBXBuildFile; fileRef = FAEF80B225E2F2DF001C827E /* LaunchScreen.storyboard */; };
		FAEF80BD25E2F6DA001C827E /* ResultViewController.swift in Sources */ = {isa = PBXBuildFile; fileRef = FAEF80BC25E2F6DA001C827E /* ResultViewController.swift */; };
/* End PBXBuildFile section */

/* Begin PBXFileReference section */
		FAEF80A425E2F2DD001C827E /* Tippssyyy.app */ = {isa = PBXFileReference; explicitFileType = wrapper.application; includeInIndex = 0; path = Tippssyyy.app; sourceTree = BUILT_PRODUCTS_DIR; };
		FAEF80A725E2F2DD001C827E /* AppDelegate.swift */ = {isa = PBXFileReference; lastKnownFileType = sourcecode.swift; path = AppDelegate.swift; sourceTree = "<group>"; };
		FAEF80A925E2F2DD001C827E /* SceneDelegate.swift */ = {isa = PBXFileReference; lastKnownFileType = sourcecode.swift; path = SceneDelegate.swift; sourceTree = "<group>"; };
		FAEF80AB25E2F2DD001C827E /* ViewController.swift */ = {isa = PBXFileReference; lastKnownFileType = sourcecode.swift; path = ViewController.swift; sourceTree = "<group>"; };
		FAEF80AE25E2F2DD001C827E /* Base */ = {isa = PBXFileReference; lastKnownFileType = file.storyboard; name = Base; path = Base.lproj/Main.storyboard; sourceTree = "<group>"; };
		FAEF80B025E2F2DF001C827E /* Assets.xcassets */ = {isa = PBXFileReference; lastKnownFileType = folder.assetcatalog; path = Assets.xcassets; sourceTree = "<group>"; };
		FAEF80B325E2F2DF001C827E /* Base */ = {isa = PBXFileReference; lastKnownFileType = file.storyboard; name = Base; path = Base.lproj/LaunchScreen.storyboard; sourceTree = "<group>"; };
		FAEF80B525E2F2DF001C827E /* Info.plist */ = {isa = PBXFileReference; lastKnownFileType = text.plist.xml; path = Info.plist; sourceTree = "<group>"; };
		FAEF80BC25E2F6DA001C827E /* ResultViewController.swift */ = {isa = PBXFileReference; lastKnownFileType = sourcecode.swift; path = ResultViewController.swift; sourceTree = "<group>"; };
/* End PBXFileReference section */

/* Begin PBXFrameworksBuildPhase section */
		FAEF80A125E2F2DD001C827E /* Frameworks */ = {
			isa = PBXFrameworksBuildPhase;
			buildActionMask = 2147483647;
			files = (
			);
			runOnlyForDeploymentPostprocessing = 0;
		};
/* End PBXFrameworksBuildPhase section */

/* Begin PBXGroup section */
		FAEF809B25E2F2DD001C827E = {
			isa = PBXGroup;
			children = (
				FAEF80A625E2F2DD001C827E /* Tippssyyy */,
				FAEF80A525E2F2DD001C827E /* Products */,
			);
			sourceTree = "<group>";
		};
		FAEF80A525E2F2DD001C827E /* Products */ = {
			isa = PBXGroup;
			children = (
				FAEF80A425E2F2DD001C827E /* Tippssyyy.app */,
			);
			name = Products;
			sourceTree = "<group>";
		};
		FAEF80A625E2F2DD001C827E /* Tippssyyy */ = {
			isa = PBXGroup;
			children = (
				FAEF80A725E2F2DD001C827E /* AppDelegate.swift */,
				FAEF80A925E2F2DD001C827E /* SceneDelegate.swift */,
				FAEF80AB25E2F2DD001C827E /* ViewController.swift */,
				FAEF80AD25E2F2DD001C827E /* Main.storyboard */,
				FAEF80B025E2F2DF001C827E /* Assets.xcassets */,
				FAEF80B225E2F2DF001C827E /* LaunchScreen.storyboard */,
				FAEF80B525E2F2DF001C827E /* Info.plist */,
				FAEF80BC25E2F6DA001C827E /* ResultViewController.swift */,
			);
			path = Tippssyyy;
			sourceTree = "<group>";
		};
/* End PBXGroup section */

/* Begin PBXNativeTarget section */
		FAEF80A325E2F2DD001C827E /* Tippssyyy */ = {
			isa = PBXNativeTarget;
			buildConfigurationList = FAEF80B825E2F2DF001C827E /* Build configuration list for PBXNativeTarget "Tippssyyy" */;
			buildPhases = (
				FAEF80A025E2F2DD001C827E /* Sources */,
				FAEF80A125E2F2DD001C827E /* Frameworks */,
				FAEF80A225E2F2DD001C827E /* Resources */,
			);
			buildRules = (
			);
			dependencies = (
			);
			name = Tippssyyy;
			productName = Tippssyyy;
			productReference = FAEF80A425E2F2DD001C827E /* Tippssyyy.app */;
			productType = "com.apple.product-type.application";
		};
/* End PBXNativeTarget section */

/* Begin PBXProject section */
		FAEF809C25E2F2DD001C827E /* Project object */ = {
			isa = PBXProject;
			attributes = {
				LastSwiftUpdateCheck = 1240;
				LastUpgradeCheck = 1240;
				TargetAttributes = {
					FAEF80A325E2F2DD001C827E = {
						CreatedOnToolsVersion = 12.4;
					};
				};
			};
			buildConfigurationList = FAEF809F25E2F2DD001C827E /* Build configuration list for PBXProject "Tippssyyy" */;
			compatibilityVersion = "Xcode 9.3";
			developmentRegion = en;
			hasScannedForEncodings = 0;
			knownRegions = (
				en,
				Base,
			);
			mainGroup = FAEF809B25E2F2DD001C827E;
			productRefGroup = FAEF80A525E2F2DD001C827E /* Products */;
			projectDirPath = "";
			projectRoot = "";
			targets = (
				FAEF80A325E2F2DD001C827E /* Tippssyyy */,
			);
		};
/* End PBXProject section */

/* Begin PBXResourcesBuildPhase section */
		FAEF80A225E2F2DD001C827E /* Resources */ = {
			isa = PBXResourcesBuildPhase;
			buildActionMask = 2147483647;
			files = (
				FAEF80B425E2F2DF001C827E /* LaunchScreen.storyboard in Resources */,
				FAEF80B125E2F2DF001C827E /* Assets.xcassets in Resources */,
				FAEF80AF25E2F2DD001C827E /* Main.storyboard in Resources */,
			);
			runOnlyForDeploymentPostprocessing = 0;
		};
/* End PBXResourcesBuildPhase section */

/* Begin PBXSourcesBuildPhase section */
		FAEF80A025E2F2DD001C827E /* Sources */ = {
			isa = PBXSourcesBuildPhase;
			buildActionMask = 2147483647;
			files = (
				FAEF80AC25E2F2DD001C827E /* ViewController.swift in Sources */,
				FAEF80A825E2F2DD001C827E /* AppDelegate.swift in Sources */,
				FAEF80AA25E2F2DD001C827E /* SceneDelegate.swift in Sources */,
				FAEF80BD25E2F6DA001C827E /* ResultViewController.swift in Sources */,
			);
			runOnlyForDeploymentPostprocessing = 0;
		};
/* End PBXSourcesBuildPhase section */

/* Begin PBXVariantGroup section */
		FAEF80AD25E2F2DD001C827E /* Main.storyboard */ = {
			isa = PBXVariantGroup;
			children = (
				FAEF80AE25E2F2DD001C827E /* Base */,
			);
			name = Main.storyboard;
			sourceTree = "<group>";
		};
		FAEF80B225E2F2DF001C827E /* LaunchScreen.storyboard */ = {
			isa = PBXVariantGroup;
			children = (
				FAEF80B325E2F2DF001C827E /* Base */,
			);
			name = LaunchScreen.storyboard;
			sourceTree = "<group>";
		};
/* End PBXVariantGroup section */

/* Begin XCBuildConfiguration section */
		FAEF80B625E2F2DF001C827E /* Debug */ = {
			isa = XCBuildConfiguration;
			buildSettings = {
				ALWAYS_SEARCH_USER_PATHS = NO;
				CLANG_ANALYZER_NONNULL = YES;
				CLANG_ANALYZER_NUMBER_OBJECT_CONVERSION = YES_AGGRESSIVE;
				CLANG_CXX_LANGUAGE_STANDARD = "gnu++14";
				CLANG_CXX_LIBRARY = "libc++";
				CLANG_ENABLE_MODULES = YES;
				CLANG_ENABLE_OBJC_ARC = YES;
				CLANG_ENABLE_OBJC_WEAK = YES;
				CLANG_WARN_BLOCK_CAPTURE_AUTORELEASING = YES;
				CLANG_WARN_BOOL_CONVERSION = YES;
				CLANG_WARN_COMMA = YES;
				CLANG_WARN_CONSTANT_CONVERSION = YES;
				CLANG_WARN_DEPRECATED_OBJC_IMPLEMENTATIONS = YES;
				CLANG_WARN_DIRECT_OBJC_ISA_USAGE = YES_ERROR;
				CLANG_WARN_DOCUMENTATION_COMMENTS = YES;
				CLANG_WARN_EMPTY_BODY = YES;
				CLANG_WARN_ENUM_CONVERSION = YES;
				CLANG_WARN_INFINITE_RECURSION = YES;
				CLANG_WARN_INT_CONVERSION = YES;
				CLANG_WARN_NON_LITERAL_NULL_CONVERSION = YES;
				CLANG_WARN_OBJC_IMPLICIT_RETAIN_SELF = YES;
				CLANG_WARN_OBJC_LITERAL_CONVERSION = YES;
				CLANG_WARN_OBJC_ROOT_CLASS = YES_ERROR;
				CLANG_WARN_QUOTED_INCLUDE_IN_FRAMEWORK_HEADER = YES;
				CLANG_WARN_RANGE_LOOP_ANALYSIS = YES;
				CLANG_WARN_STRICT_PROTOTYPES = YES;
				CLANG_WARN_SUSPICIOUS_MOVE = YES;
				CLANG_WARN_UNGUARDED_AVAILABILITY = YES_AGGRESSIVE;
				CLANG_WARN_UNREACHABLE_CODE = YES;
				CLANG_WARN__DUPLICATE_METHOD_MATCH = YES;
				COPY_PHASE_STRIP = NO;
				DEBUG_INFORMATION_FORMAT = dwarf;
				ENABLE_STRICT_OBJC_MSGSEND = YES;
				ENABLE_TESTABILITY = YES;
				GCC_C_LANGUAGE_STANDARD = gnu11;
				GCC_DYNAMIC_NO_PIC = NO;
				GCC_NO_COMMON_BLOCKS = YES;
				GCC_OPTIMIZATION_LEVEL = 0;
				GCC_PREPROCESSOR_DEFINITIONS = (
					"DEBUG=1",
					"$(inherited)",
				);
				GCC_WARN_64_TO_32_BIT_CONVERSION = YES;
				GCC_WARN_ABOUT_RETURN_TYPE = YES_ERROR;
				GCC_WARN_UNDECLARED_SELECTOR = YES;
				GCC_WARN_UNINITIALIZED_AUTOS = YES_AGGRESSIVE;
				GCC_WARN_UNUSED_FUNCTION = YES;
				GCC_WARN_UNUSED_VARIABLE = YES;
				IPHONEOS_DEPLOYMENT_TARGET = 14.4;
				MTL_ENABLE_DEBUG_INFO = INCLUDE_SOURCE;
				MTL_FAST_MATH = YES;
				ONLY_ACTIVE_ARCH = YES;
				SDKROOT = iphoneos;
				SWIFT_ACTIVE_COMPILATION_CONDITIONS = DEBUG;
				SWIFT_OPTIMIZATION_LEVEL = "-Onone";
			};
			name = Debug;
		};
		FAEF80B725E2F2DF001C827E /* Release */ = {
			isa = XCBuildConfiguration;
			buildSettings = {
				ALWAYS_SEARCH_USER_PATHS = NO;
				CLANG_ANALYZER_NONNULL = YES;
				CLANG_ANALYZER_NUMBER_OBJECT_CONVERSION = YES_AGGRESSIVE;
				CLANG_CXX_LANGUAGE_STANDARD = "gnu++14";
				CLANG_CXX_LIBRARY = "libc++";
				CLANG_ENABLE_MODULES = YES;
				CLANG_ENABLE_OBJC_ARC = YES;
				CLANG_ENABLE_OBJC_WEAK = YES;
				CLANG_WARN_BLOCK_CAPTURE_AUTORELEASING = YES;
				CLANG_WARN_BOOL_CONVERSION = YES;
				CLANG_WARN_COMMA = YES;
				CLANG_WARN_CONSTANT_CONVERSION = YES;
				CLANG_WARN_DEPRECATED_OBJC_IMPLEMENTATIONS = YES;
				CLANG_WARN_DIRECT_OBJC_ISA_USAGE = YES_ERROR;
				CLANG_WARN_DOCUMENTATION_COMMENTS = YES;
				CLANG_WARN_EMPTY_BODY = YES;
				CLANG_WARN_ENUM_CONVERSION = YES;
				CLANG_WARN_INFINITE_RECURSION = YES;
				CLANG_WARN_INT_CONVERSION = YES;
				CLANG_WARN_NON_LITERAL_NULL_CONVERSION = YES;
				CLANG_WARN_OBJC_IMPLICIT_RETAIN_SELF = YES;
				CLANG_WARN_OBJC_LITERAL_CONVERSION = YES;
				CLANG_WARN_OBJC_ROOT_CLASS = YES_ERROR;
				CLANG_WARN_QUOTED_INCLUDE_IN_FRAMEWORK_HEADER = YES;
				CLANG_WARN_RANGE_LOOP_ANALYSIS = YES;
				CLANG_WARN_STRICT_PROTOTYPES = YES;
				CLANG_WARN_SUSPICIOUS_MOVE = YES;
				CLANG_WARN_UNGUARDED_AVAILABILITY = YES_AGGRESSIVE;
				CLANG_WARN_UNREACHABLE_CODE = YES;
				CLANG_WARN__DUPLICATE_METHOD_MATCH = YES;
				COPY_PHASE_STRIP = NO;
				DEBUG_INFORMATION_FORMAT = "dwarf-with-dsym";
				ENABLE_NS_ASSERTIONS = NO;
				ENABLE_STRICT_OBJC_MSGSEND = YES;
				GCC_C_LANGUAGE_STANDARD = gnu11;
				GCC_NO_COMMON_BLOCKS = YES;
				GCC_WARN_64_TO_32_BIT_CONVERSION = YES;
				GCC_WARN_ABOUT_RETURN_TYPE = YES_ERROR;
				GCC_WARN_UNDECLARED_SELECTOR = YES;
				GCC_WARN_UNINITIALIZED_AUTOS = YES_AGGRESSIVE;
				GCC_WARN_UNUSED_FUNCTION = YES;
				GCC_WARN_UNUSED_VARIABLE = YES;
				IPHONEOS_DEPLOYMENT_TARGET = 14.4;
				MTL_ENABLE_DEBUG_INFO = NO;
				MTL_FAST_MATH = YES;
				SDKROOT = iphoneos;
				SWIFT_COMPILATION_MODE = wholemodule;
				SWIFT_OPTIMIZATION_LEVEL = "-O";
				VALIDATE_PRODUCT = YES;
			};
			name = Release;
		};
		FAEF80B925E2F2DF001C827E /* Debug */ = {
			isa = XCBuildConfiguration;
			buildSettings = {
				ASSETCATALOG_COMPILER_APPICON_NAME = AppIcon;
				ASSETCATALOG_COMPILER_GLOBAL_ACCENT_COLOR_NAME = AccentColor;
				CODE_SIGN_STYLE = Automatic;
				DEVELOPMENT_TEAM = 9NZ4Q585K9;
				INFOPLIST_FILE = Tippssyyy/Info.plist;
				LD_RUNPATH_SEARCH_PATHS = (
					"$(inherited)",
					"@executable_path/Frameworks",
				);
				PRODUCT_BUNDLE_IDENTIFIER = com.alexmeta.Tippssyyy;
				PRODUCT_NAME = "$(TARGET_NAME)";
				SWIFT_VERSION = 5.0;
				TARGETED_DEVICE_FAMILY = "1,2";
			};
			name = Debug;
		};
		FAEF80BA25E2F2DF001C827E /* Release */ = {
			isa = XCBuildConfiguration;
			buildSettings = {
				ASSETCATALOG_COMPILER_APPICON_NAME = AppIcon;
				ASSETCATALOG_COMPILER_GLOBAL_ACCENT_COLOR_NAME = AccentColor;
				CODE_SIGN_STYLE = Automatic;
				DEVELOPMENT_TEAM = 9NZ4Q585K9;
				INFOPLIST_FILE = Tippssyyy/Info.plist;
				LD_RUNPATH_SEARCH_PATHS = (
					"$(inherited)",
					"@executable_path/Frameworks",
				);
				PRODUCT_BUNDLE_IDENTIFIER = com.alexmeta.Tippssyyy;
				PRODUCT_NAME = "$(TARGET_NAME)";
				SWIFT_VERSION = 5.0;
				TARGETED_DEVICE_FAMILY = "1,2";
			};
			name = Release;
		};
/* End XCBuildConfiguration section */

/* Begin XCConfigurationList section */
		FAEF809F25E2F2DD001C827E /* Build configuration list for PBXProject "Tippssyyy" */ = {
			isa = XCConfigurationList;
			buildConfigurations = (
				FAEF80B625E2F2DF001C827E /* Debug */,
				FAEF80B725E2F2DF001C827E /* Release */,
			);
			defaultConfigurationIsVisible = 0;
			defaultConfigurationName = Release;
		};
		FAEF80B825E2F2DF001C827E /* Build configuration list for PBXNativeTarget "Tippssyyy" */ = {
			isa = XCConfigurationList;
			buildConfigurations = (
				FAEF80B925E2F2DF001C827E /* Debug */,
				FAEF80BA25E2F2DF001C827E /* Release */,
			);
			defaultConfigurationIsVisible = 0;
			defaultConfigurationName = Release;
		};
/* End XCConfigurationList section */
	};
	rootObject = FAEF809C25E2F2DD001C827E /* Project object */;
}
